{
  "name": "@bsv/wallet-toolbox-mobile",
  "version": "1.6.38",
  "lockfileVersion": 3,
  "requires": true,
  "packages": {
    "": {
      "name": "@bsv/wallet-toolbox-mobile",
      "version": "1.6.38",
      "license": "SEE LICENSE IN license.md",
      "dependencies": {
        "@bsv/sdk": "^1.8.6"
      }
    },
    "node_modules/@bsv/sdk": {
      "version": "1.8.6",
      "resolved": "https://registry.npmjs.org/@bsv/sdk/-/sdk-1.8.6.tgz",
      "integrity": "sha512-gJf3sPs1shMRAi5ThlYTix/AsKtSlZIPAzrUd/5HpTIoThAqwB6H5kf8AelZXcXjwNbhzVvKHzq81VogOc9Q5g==",
      "license": "SEE LICENSE IN LICENSE.txt"
    }
  }
}
