{
  "name": "@bsv/wallet-toolbox-mobile",
  "version": "1.6.38",
  "lockfileVersion": 3,
  "requires": true,
  "packages": {
    "": {
      "name": "@bsv/wallet-toolbox-mobile",
      "version": "1.6.38",
      "license": "SEE LICENSE IN license.md",
      "dependencies": {
        "@bsv/sdk": "^1.8.10"
      }
    },
    "node_modules/@bsv/sdk": {
      "version": "1.8.10",
      "resolved": "https://registry.npmjs.org/@bsv/sdk/-/sdk-1.8.10.tgz",
      "integrity": "sha512-urWf+mF4rx3uDmoUwi5yBa2AGxfu4m8IZdi+LmrP7l9mmTmlz42HzpvqXq/aJr6b/Bm5nN2e9vNdl99ICr97tQ==",
      "license": "SEE LICENSE IN LICENSE.txt"
    }
  }
}
