{
  "name": "@bsv/wallet-toolbox-mobile",
  "version": "1.7.1",
  "lockfileVersion": 3,
  "requires": true,
  "packages": {
    "": {
      "name": "@bsv/wallet-toolbox-mobile",
      "version": "1.7.1",
      "license": "SEE LICENSE IN license.md",
      "dependencies": {
        "@bsv/sdk": "^1.9.3"
      }
    },
    "node_modules/@bsv/sdk": {
      "version": "1.9.3",
      "resolved": "https://registry.npmjs.org/@bsv/sdk/-/sdk-1.9.3.tgz",
      "integrity": "sha512-EObOijv0p3eKJgXkxCKrKCGdKtWwKpxnoIRRS7TJk9DHB+3TFMNd8f5bdPSjE4yQ1mWbBXeYFlkCGlDBR3rK1w==",
      "license": "SEE LICENSE IN LICENSE.txt"
    }
  }
}
